
Microsoft Visual Studio Solution File, Format Version 12.00
# Visual Studio Version 16
VisualStudioVersion = 16.0.29911.84
MinimumVisualStudioVersion = 10.0.40219.1
Project("{FAE04EC0-301F-11D3-BF4B-00C04F79EFBC}") = "zadania_przyg", "zadania_przyg.csproj", "{C7F9892F-00CE-490F-8559-1ADADD8A5D04}"
EndProject
Global
	GlobalSection(SolutionConfigurationPlatforms) = preSolution
		Debug|Any CPU = Debug|Any CPU
		Release|Any CPU = Release|Any CPU
	EndGlobalSection
	GlobalSection(ProjectConfigurationPlatforms) = postSolution
		{C7F9892F-00CE-490F-8559-1ADADD8A5D04}.Debug|Any CPU.ActiveCfg = Debug|Any CPU
		{C7F9892F-00CE-490F-8559-1ADADD8A5D04}.Debug|Any CPU.Build.0 = Debug|Any CPU
		{C7F9892F-00CE-490F-8559-1ADADD8A5D04}.Release|Any CPU.ActiveCfg = Release|Any CPU
		{C7F9892F-00CE-490F-8559-1ADADD8A5D04}.Release|Any CPU.Build.0 = Release|Any CPU
	EndGlobalSection
	GlobalSection(SolutionProperties) = preSolution
		HideSolutionNode = FALSE
	EndGlobalSection
	GlobalSection(ExtensibilityGlobals) = postSolution
		SolutionGuid = {FD37579C-BDD9-495C-8EBD-57038ABB544A}
	EndGlobalSection
EndGlobal
